<?xml version="1.0" encoding="utf-8"?>
<Project ToolsVersion="4.0" xmlns="http://schemas.microsoft.com/developer/msbuild/2003">
  <ItemGroup>
    <ApplicationDefinition Include="App.xaml" />
  </ItemGroup>
  <ItemGroup>
    <Page Include="MainWindow.xaml" />
    <Page Include="Compressor.xaml" />
    <Page Include="Decompressor.xaml" />
  </ItemGroup>
  <ItemGroup>
    <Midl Include="App.idl" />
    <Midl Include="MainWindow.idl" />
  </ItemGroup>
  <ItemGroup>
    <ClCompile Include="pch.cpp" />
    <ClCompile Include="$(GeneratedFilesDir)module.g.cpp" />
    <ClCompile Include="HuffmanLibrary\CharacterTableNode.cpp">
      <Filter>HuffmanLibrary</Filter>
    </ClCompile>
    <ClCompile Include="HuffmanLibrary\HuffmanCompressor.cpp">
      <Filter>HuffmanLibrary</Filter>
    </ClCompile>
    <ClCompile Include="HuffmanLibrary\HuffmanDecompressor.cpp">
      <Filter>HuffmanLibrary</Filter>
    </ClCompile>
    <ClCompile Include="HuffmanLibrary\PriorityQueue.cpp">
      <Filter>HuffmanLibrary</Filter>
    </ClCompile>
    <ClCompile Include="HuffmanLibrary\TreeNode.cpp">
      <Filter>HuffmanLibrary</Filter>
    </ClCompile>
    <ClCompile Include="HuffmanLibrary\CharacterTable.cpp">
      <Filter>HuffmanLibrary</Filter>
    </ClCompile>
  </ItemGroup>
  <ItemGroup>
    <ClInclude Include="pch.h" />
    <ClInclude Include="HuffmanLibrary\CharacterTableNode.h">
      <Filter>HuffmanLibrary</Filter>
    </ClInclude>
    <ClInclude Include="HuffmanLibrary\GeneralConstants.h">
      <Filter>HuffmanLibrary</Filter>
    </ClInclude>
    <ClInclude Include="HuffmanLibrary\HuffmanCompressor.h">
      <Filter>HuffmanLibrary</Filter>
    </ClInclude>
    <ClInclude Include="HuffmanLibrary\HuffmanDecompressor.h">
      <Filter>HuffmanLibrary</Filter>
    </ClInclude>
    <ClInclude Include="HuffmanLibrary\PriorityQueue.h">
      <Filter>HuffmanLibrary</Filter>
    </ClInclude>
    <ClInclude Include="HuffmanLibrary\TreeNode.h">
      <Filter>HuffmanLibrary</Filter>
    </ClInclude>
    <ClInclude Include="HuffmanLibrary\CharacterTable.h">
      <Filter>HuffmanLibrary</Filter>
    </ClInclude>
  </ItemGroup>
  <ItemGroup>
    <Filter Include="Assets">
      <UniqueIdentifier>{e48dc53e-40b1-40cb-970a-f89935452892}</UniqueIdentifier>
    </Filter>
    <Filter Include="HuffmanLibrary">
      <UniqueIdentifier>{bd5bf28e-4a16-4972-af46-c0cdeb991369}</UniqueIdentifier>
    </Filter>
  </ItemGroup>
  <ItemGroup>
    <Text Include="readme.txt" />
  </ItemGroup>
  <ItemGroup>
    <Manifest Include="app.manifest" />
  </ItemGroup>
  <ItemGroup>
    <None Include="packages.config" />
  </ItemGroup>
</Project>